// !$*UTF8*$!
{
	archiveVersion = 1;
	classes = {
	};
	objectVersion = 46;
	objects = {

/* Begin PBXBuildFile section */
		24FE4B1A1C13D1980025F209 /* UIView+.swift in Sources */ = {isa = PBXBuildFile; fileRef = 24FE4B191C13D1980025F209 /* UIView+.swift */; };
		24FE4B1C1C13DD4C0025F209 /* CellDeleteControl.swift in Sources */ = {isa = PBXBuildFile; fileRef = 24FE4B1B1C13DD4C0025F209 /* CellDeleteControl.swift */; };
		523FB14D1AB9F3E100AD2F7B /* MainViewController.swift in Sources */ = {isa = PBXBuildFile; fileRef = 523FB14C1AB9F3E100AD2F7B /* MainViewController.swift */; };
		524C8E361AC34CA10011A31B /* EditingSwitch.swift in Sources */ = {isa = PBXBuildFile; fileRef = 524C8E351AC34CA10011A31B /* EditingSwitch.swift */; };
		524C8E3A1AC3A3030011A31B /* Thumbnail.swift in Sources */ = {isa = PBXBuildFile; fileRef = 524C8E391AC3A3030011A31B /* Thumbnail.swift */; };
		5250B6DE1AC22C390031BA6A /* SamplesTableViewManager.swift in Sources */ = {isa = PBXBuildFile; fileRef = 5250B6DD1AC22C390031BA6A /* SamplesTableViewManager.swift */; };
		5250B6E21AC23DA80031BA6A /* SampleView.swift in Sources */ = {isa = PBXBuildFile; fileRef = 5250B6E11AC23DA80031BA6A /* SampleView.swift */; };
		5250B6E41AC2438D0031BA6A /* SampleTableViewCell.swift in Sources */ = {isa = PBXBuildFile; fileRef = 5250B6E31AC2438D0031BA6A /* SampleTableViewCell.swift */; };
		527FC23A1ACA3A7300F47146 /* CaptureButton.swift in Sources */ = {isa = PBXBuildFile; fileRef = 527FC2391ACA3A7300F47146 /* CaptureButton.swift */; };
		52813CBA1AC8D3440092A923 /* SamplesViewBehaviour.swift in Sources */ = {isa = PBXBuildFile; fileRef = 52813CB91AC8D3440092A923 /* SamplesViewBehaviour.swift */; };
		52813CBE1AC9CAE90092A923 /* DraggableView.swift in Sources */ = {isa = PBXBuildFile; fileRef = 52813CBD1AC9CAE90092A923 /* DraggableView.swift */; };
		529E67DD1AC2513300510319 /* Sample.swift in Sources */ = {isa = PBXBuildFile; fileRef = 529E67DC1AC2513300510319 /* Sample.swift */; };
		529E67E11AC2547B00510319 /* DayHeader.swift in Sources */ = {isa = PBXBuildFile; fileRef = 529E67E01AC2547B00510319 /* DayHeader.swift */; };
		52AF523C1AB86CE30039C21A /* HUE.xcdatamodeld in Sources */ = {isa = PBXBuildFile; fileRef = 52AF523A1AB86CE30039C21A /* HUE.xcdatamodeld */; };
		52D08A081AB8B82800A3929F /* SamplesViewController.swift in Sources */ = {isa = PBXBuildFile; fileRef = 52D08A071AB8B82800A3929F /* SamplesViewController.swift */; };
		721E44B21AB78CC5006E57D1 /* ColorTarget.swift in Sources */ = {isa = PBXBuildFile; fileRef = 721E44B11AB78CC5006E57D1 /* ColorTarget.swift */; };
		721E44B41AB78CCB006E57D1 /* ColorProcessManager.swift in Sources */ = {isa = PBXBuildFile; fileRef = 721E44B31AB78CCB006E57D1 /* ColorProcessManager.swift */; };
		72492AA11AB73A32001EAE02 /* AppDelegate.swift in Sources */ = {isa = PBXBuildFile; fileRef = 72492AA01AB73A32001EAE02 /* AppDelegate.swift */; };
		72492AA31AB73A32001EAE02 /* CameraViewController.swift in Sources */ = {isa = PBXBuildFile; fileRef = 72492AA21AB73A32001EAE02 /* CameraViewController.swift */; };
		72492AA81AB73A32001EAE02 /* Images.xcassets in Resources */ = {isa = PBXBuildFile; fileRef = 72492AA71AB73A32001EAE02 /* Images.xcassets */; };
		72492AAB1AB73A32001EAE02 /* LaunchScreen.xib in Resources */ = {isa = PBXBuildFile; fileRef = 72492AA91AB73A32001EAE02 /* LaunchScreen.xib */; };
		72492AB71AB73A32001EAE02 /* HueTests.swift in Sources */ = {isa = PBXBuildFile; fileRef = 72492AB61AB73A32001EAE02 /* HueTests.swift */; };
		72492AD81AB77AF8001EAE02 /* FocusingIndicator.swift in Sources */ = {isa = PBXBuildFile; fileRef = 72492AD71AB77AF8001EAE02 /* FocusingIndicator.swift */; };
		B87F050F64109AD0A6A747C1 /* Pods_HUE.framework in Frameworks */ = {isa = PBXBuildFile; fileRef = E0485E4C8CC803A1EFECE741 /* Pods_HUE.framework */; };
/* End PBXBuildFile section */

/* Begin PBXContainerItemProxy section */
		72492AB11AB73A32001EAE02 /* PBXContainerItemProxy */ = {
			isa = PBXContainerItemProxy;
			containerPortal = 72492A931AB73A32001EAE02 /* Project object */;
			proxyType = 1;
			remoteGlobalIDString = 72492A9A1AB73A32001EAE02;
			remoteInfo = Hue;
		};
/* End PBXContainerItemProxy section */

/* Begin PBXCopyFilesBuildPhase section */
		72492ACD1AB73A74001EAE02 /* CopyFiles */ = {
			isa = PBXCopyFilesBuildPhase;
			buildActionMask = 2147483647;
			dstPath = "";
			dstSubfolderSpec = 10;
			files = (
			);
			runOnlyForDeploymentPostprocessing = 0;
		};
/* End PBXCopyFilesBuildPhase section */

/* Begin PBXFileReference section */
		1C5B676241CE07D9393E602B /* Pods-HUE.debug.xcconfig */ = {isa = PBXFileReference; includeInIndex = 1; lastKnownFileType = text.xcconfig; name = "Pods-HUE.debug.xcconfig"; path = "Pods/Target Support Files/Pods-HUE/Pods-HUE.debug.xcconfig"; sourceTree = "<group>"; };
		24ED28491C1397190064AE61 /* HUE 2.xcdatamodel */ = {isa = PBXFileReference; lastKnownFileType = wrapper.xcdatamodel; path = "HUE 2.xcdatamodel"; sourceTree = "<group>"; };
		24FE4B191C13D1980025F209 /* UIView+.swift */ = {isa = PBXFileReference; fileEncoding = 4; lastKnownFileType = sourcecode.swift; path = "UIView+.swift"; sourceTree = "<group>"; };
		24FE4B1B1C13DD4C0025F209 /* CellDeleteControl.swift */ = {isa = PBXFileReference; fileEncoding = 4; lastKnownFileType = sourcecode.swift; path = CellDeleteControl.swift; sourceTree = "<group>"; };
		25D6062FB928EA6640A3FBCE /* Pods-HUE.release.xcconfig */ = {isa = PBXFileReference; includeInIndex = 1; lastKnownFileType = text.xcconfig; name = "Pods-HUE.release.xcconfig"; path = "Pods/Target Support Files/Pods-HUE/Pods-HUE.release.xcconfig"; sourceTree = "<group>"; };
		523FB14C1AB9F3E100AD2F7B /* MainViewController.swift */ = {isa = PBXFileReference; fileEncoding = 4; lastKnownFileType = sourcecode.swift; path = MainViewController.swift; sourceTree = "<group>"; };
		524C8E351AC34CA10011A31B /* EditingSwitch.swift */ = {isa = PBXFileReference; fileEncoding = 4; lastKnownFileType = sourcecode.swift; path = EditingSwitch.swift; sourceTree = "<group>"; };
		524C8E391AC3A3030011A31B /* Thumbnail.swift */ = {isa = PBXFileReference; fileEncoding = 4; lastKnownFileType = sourcecode.swift; path = Thumbnail.swift; sourceTree = "<group>"; };
		5250B6DD1AC22C390031BA6A /* SamplesTableViewManager.swift */ = {isa = PBXFileReference; fileEncoding = 4; lastKnownFileType = sourcecode.swift; path = SamplesTableViewManager.swift; sourceTree = "<group>"; };
		5250B6E11AC23DA80031BA6A /* SampleView.swift */ = {isa = PBXFileReference; fileEncoding = 4; lastKnownFileType = sourcecode.swift; path = SampleView.swift; sourceTree = "<group>"; };
		5250B6E31AC2438D0031BA6A /* SampleTableViewCell.swift */ = {isa = PBXFileReference; fileEncoding = 4; lastKnownFileType = sourcecode.swift; path = SampleTableViewCell.swift; sourceTree = "<group>"; };
		527FC2391ACA3A7300F47146 /* CaptureButton.swift */ = {isa = PBXFileReference; fileEncoding = 4; lastKnownFileType = sourcecode.swift; path = CaptureButton.swift; sourceTree = "<group>"; };
		52813CB91AC8D3440092A923 /* SamplesViewBehaviour.swift */ = {isa = PBXFileReference; fileEncoding = 4; lastKnownFileType = sourcecode.swift; path = SamplesViewBehaviour.swift; sourceTree = "<group>"; };
		52813CBD1AC9CAE90092A923 /* DraggableView.swift */ = {isa = PBXFileReference; fileEncoding = 4; lastKnownFileType = sourcecode.swift; path = DraggableView.swift; sourceTree = "<group>"; };
		529E67DC1AC2513300510319 /* Sample.swift */ = {isa = PBXFileReference; fileEncoding = 4; lastKnownFileType = sourcecode.swift; path = Sample.swift; sourceTree = "<group>"; };
		529E67E01AC2547B00510319 /* DayHeader.swift */ = {isa = PBXFileReference; fileEncoding = 4; lastKnownFileType = sourcecode.swift; path = DayHeader.swift; sourceTree = "<group>"; };
		52AF523B1AB86CE30039C21A /* HUE.xcdatamodel */ = {isa = PBXFileReference; lastKnownFileType = wrapper.xcdatamodel; path = HUE.xcdatamodel; sourceTree = "<group>"; };
		52D08A071AB8B82800A3929F /* SamplesViewController.swift */ = {isa = PBXFileReference; fileEncoding = 4; lastKnownFileType = sourcecode.swift; path = SamplesViewController.swift; sourceTree = "<group>"; };
		721E44B11AB78CC5006E57D1 /* ColorTarget.swift */ = {isa = PBXFileReference; fileEncoding = 4; lastKnownFileType = sourcecode.swift; path = ColorTarget.swift; sourceTree = "<group>"; };
		721E44B31AB78CCB006E57D1 /* ColorProcessManager.swift */ = {isa = PBXFileReference; fileEncoding = 4; lastKnownFileType = sourcecode.swift; path = ColorProcessManager.swift; sourceTree = "<group>"; };
		72492A9B1AB73A32001EAE02 /* HUE.app */ = {isa = PBXFileReference; explicitFileType = wrapper.application; includeInIndex = 0; path = HUE.app; sourceTree = BUILT_PRODUCTS_DIR; };
		72492A9F1AB73A32001EAE02 /* Info.plist */ = {isa = PBXFileReference; lastKnownFileType = text.plist.xml; path = Info.plist; sourceTree = "<group>"; };
		72492AA01AB73A32001EAE02 /* AppDelegate.swift */ = {isa = PBXFileReference; lastKnownFileType = sourcecode.swift; path = AppDelegate.swift; sourceTree = "<group>"; };
		72492AA21AB73A32001EAE02 /* CameraViewController.swift */ = {isa = PBXFileReference; lastKnownFileType = sourcecode.swift; path = CameraViewController.swift; sourceTree = "<group>"; };
		72492AA71AB73A32001EAE02 /* Images.xcassets */ = {isa = PBXFileReference; lastKnownFileType = folder.assetcatalog; path = Images.xcassets; sourceTree = "<group>"; };
		72492AAA1AB73A32001EAE02 /* Base */ = {isa = PBXFileReference; lastKnownFileType = file.xib; name = Base; path = Base.lproj/LaunchScreen.xib; sourceTree = "<group>"; };
		72492AB01AB73A32001EAE02 /* HUETests.xctest */ = {isa = PBXFileReference; explicitFileType = wrapper.cfbundle; includeInIndex = 0; path = HUETests.xctest; sourceTree = BUILT_PRODUCTS_DIR; };
		72492AB51AB73A32001EAE02 /* Info.plist */ = {isa = PBXFileReference; lastKnownFileType = text.plist.xml; path = Info.plist; sourceTree = "<group>"; };
		72492AB61AB73A32001EAE02 /* HueTests.swift */ = {isa = PBXFileReference; lastKnownFileType = sourcecode.swift; path = HueTests.swift; sourceTree = "<group>"; };
		72492AD71AB77AF8001EAE02 /* FocusingIndicator.swift */ = {isa = PBXFileReference; fileEncoding = 4; lastKnownFileType = sourcecode.swift; path = FocusingIndicator.swift; sourceTree = "<group>"; };
		E0485E4C8CC803A1EFECE741 /* Pods_HUE.framework */ = {isa = PBXFileReference; explicitFileType = wrapper.framework; includeInIndex = 0; path = Pods_HUE.framework; sourceTree = BUILT_PRODUCTS_DIR; };
/* End PBXFileReference section */

/* Begin PBXFrameworksBuildPhase section */
		72492A981AB73A32001EAE02 /* Frameworks */ = {
			isa = PBXFrameworksBuildPhase;
			buildActionMask = 2147483647;
			files = (
				B87F050F64109AD0A6A747C1 /* Pods_HUE.framework in Frameworks */,
			);
			runOnlyForDeploymentPostprocessing = 0;
		};
		72492AAD1AB73A32001EAE02 /* Frameworks */ = {
			isa = PBXFrameworksBuildPhase;
			buildActionMask = 2147483647;
			files = (
			);
			runOnlyForDeploymentPostprocessing = 0;
		};
/* End PBXFrameworksBuildPhase section */

/* Begin PBXGroup section */
		0AAC8750886F18C8A28A812E /* Pods */ = {
			isa = PBXGroup;
			children = (
				1C5B676241CE07D9393E602B /* Pods-HUE.debug.xcconfig */,
				25D6062FB928EA6640A3FBCE /* Pods-HUE.release.xcconfig */,
			);
			name = Pods;
			sourceTree = "<group>";
		};
		24FE4B181C13D0E70025F209 /* Extensions */ = {
			isa = PBXGroup;
			children = (
				24FE4B191C13D1980025F209 /* UIView+.swift */,
			);
			name = Extensions;
			sourceTree = "<group>";
		};
		52813CB81AC8D3130092A923 /* Dynamics */ = {
			isa = PBXGroup;
			children = (
				52813CB91AC8D3440092A923 /* SamplesViewBehaviour.swift */,
			);
			name = Dynamics;
			sourceTree = "<group>";
		};
		529E67DE1AC2545200510319 /* Camera */ = {
			isa = PBXGroup;
			children = (
				721E44B11AB78CC5006E57D1 /* ColorTarget.swift */,
				72492AD71AB77AF8001EAE02 /* FocusingIndicator.swift */,
			);
			name = Camera;
			sourceTree = "<group>";
		};
		529E67DF1AC2545D00510319 /* TableView */ = {
			isa = PBXGroup;
			children = (
				5250B6E31AC2438D0031BA6A /* SampleTableViewCell.swift */,
				24FE4B1B1C13DD4C0025F209 /* CellDeleteControl.swift */,
				529E67E01AC2547B00510319 /* DayHeader.swift */,
				524C8E351AC34CA10011A31B /* EditingSwitch.swift */,
			);
			name = TableView;
			sourceTree = "<group>";
		};
		52AF52411AB870E50039C21A /* Managers */ = {
			isa = PBXGroup;
			children = (
				721E44B31AB78CCB006E57D1 /* ColorProcessManager.swift */,
				5250B6DD1AC22C390031BA6A /* SamplesTableViewManager.swift */,
			);
			name = Managers;
			sourceTree = "<group>";
		};
		6E9507D3D89B7D7AD77D1DAB /* Frameworks */ = {
			isa = PBXGroup;
			children = (
				E0485E4C8CC803A1EFECE741 /* Pods_HUE.framework */,
			);
			name = Frameworks;
			sourceTree = "<group>";
		};
		72492A921AB73A32001EAE02 = {
			isa = PBXGroup;
			children = (
				72492A9D1AB73A32001EAE02 /* HUE */,
				72492AB31AB73A32001EAE02 /* HueTests */,
				72492A9C1AB73A32001EAE02 /* Products */,
				0AAC8750886F18C8A28A812E /* Pods */,
				6E9507D3D89B7D7AD77D1DAB /* Frameworks */,
			);
			sourceTree = "<group>";
		};
		72492A9C1AB73A32001EAE02 /* Products */ = {
			isa = PBXGroup;
			children = (
				72492A9B1AB73A32001EAE02 /* HUE.app */,
				72492AB01AB73A32001EAE02 /* HUETests.xctest */,
			);
			name = Products;
			sourceTree = "<group>";
		};
		72492A9D1AB73A32001EAE02 /* HUE */ = {
			isa = PBXGroup;
			children = (
				72492AA01AB73A32001EAE02 /* AppDelegate.swift */,
				72492AA71AB73A32001EAE02 /* Images.xcassets */,
				72492AA91AB73A32001EAE02 /* LaunchScreen.xib */,
				24FE4B181C13D0E70025F209 /* Extensions */,
				52AF52411AB870E50039C21A /* Managers */,
				72492AD21AB77494001EAE02 /* Model */,
				72492AD31AB774A1001EAE02 /* Views */,
				72492AD41AB774AA001EAE02 /* Controllers */,
				72492A9E1AB73A32001EAE02 /* Supporting Files */,
			);
			name = HUE;
			path = Hue;
			sourceTree = "<group>";
		};
		72492A9E1AB73A32001EAE02 /* Supporting Files */ = {
			isa = PBXGroup;
			children = (
				72492A9F1AB73A32001EAE02 /* Info.plist */,
			);
			name = "Supporting Files";
			sourceTree = "<group>";
		};
		72492AB31AB73A32001EAE02 /* HueTests */ = {
			isa = PBXGroup;
			children = (
				72492AB61AB73A32001EAE02 /* HueTests.swift */,
				72492AB41AB73A32001EAE02 /* Supporting Files */,
			);
			path = HueTests;
			sourceTree = "<group>";
		};
		72492AB41AB73A32001EAE02 /* Supporting Files */ = {
			isa = PBXGroup;
			children = (
				72492AB51AB73A32001EAE02 /* Info.plist */,
			);
			name = "Supporting Files";
			sourceTree = "<group>";
		};
		72492AD21AB77494001EAE02 /* Model */ = {
			isa = PBXGroup;
			children = (
				52AF523A1AB86CE30039C21A /* HUE.xcdatamodeld */,
				529E67DC1AC2513300510319 /* Sample.swift */,
				524C8E391AC3A3030011A31B /* Thumbnail.swift */,
			);
			name = Model;
			sourceTree = "<group>";
		};
		72492AD31AB774A1001EAE02 /* Views */ = {
			isa = PBXGroup;
			children = (
				5250B6E11AC23DA80031BA6A /* SampleView.swift */,
				52813CBD1AC9CAE90092A923 /* DraggableView.swift */,
				527FC2391ACA3A7300F47146 /* CaptureButton.swift */,
				529E67DE1AC2545200510319 /* Camera */,
				529E67DF1AC2545D00510319 /* TableView */,
			);
			name = Views;
			sourceTree = "<group>";
		};
		72492AD41AB774AA001EAE02 /* Controllers */ = {
			isa = PBXGroup;
			children = (
				52813CB81AC8D3130092A923 /* Dynamics */,
				523FB14C1AB9F3E100AD2F7B /* MainViewController.swift */,
				72492AA21AB73A32001EAE02 /* CameraViewController.swift */,
				52D08A071AB8B82800A3929F /* SamplesViewController.swift */,
			);
			name = Controllers;
			sourceTree = "<group>";
		};
/* End PBXGroup section */

/* Begin PBXNativeTarget section */
		72492A9A1AB73A32001EAE02 /* HUE */ = {
			isa = PBXNativeTarget;
			buildConfigurationList = 72492ABA1AB73A32001EAE02 /* Build configuration list for PBXNativeTarget "HUE" */;
			buildPhases = (
				E9BE6D0B9B2D81E4141527BD /* Check Pods Manifest.lock */,
				72492A971AB73A32001EAE02 /* Sources */,
				72492A981AB73A32001EAE02 /* Frameworks */,
				72492A991AB73A32001EAE02 /* Resources */,
				72492ACD1AB73A74001EAE02 /* CopyFiles */,
				C11F1307E5086E245AD9C92C /* Embed Pods Frameworks */,
				046BF2A3A83A8D4208A8F78E /* Copy Pods Resources */,
			);
			buildRules = (
			);
			dependencies = (
			);
			name = HUE;
			productName = Hue;
			productReference = 72492A9B1AB73A32001EAE02 /* HUE.app */;
			productType = "com.apple.product-type.application";
		};
		72492AAF1AB73A32001EAE02 /* HUETests */ = {
			isa = PBXNativeTarget;
			buildConfigurationList = 72492ABD1AB73A32001EAE02 /* Build configuration list for PBXNativeTarget "HUETests" */;
			buildPhases = (
				72492AAC1AB73A32001EAE02 /* Sources */,
				72492AAD1AB73A32001EAE02 /* Frameworks */,
				72492AAE1AB73A32001EAE02 /* Resources */,
			);
			buildRules = (
			);
			dependencies = (
				72492AB21AB73A32001EAE02 /* PBXTargetDependency */,
			);
			name = HUETests;
			productName = HueTests;
			productReference = 72492AB01AB73A32001EAE02 /* HUETests.xctest */;
			productType = "com.apple.product-type.bundle.unit-test";
		};
/* End PBXNativeTarget section */

/* Begin PBXProject section */
		72492A931AB73A32001EAE02 /* Project object */ = {
			isa = PBXProject;
			attributes = {
				LastSwiftMigration = 0710;
				LastSwiftUpdateCheck = 0710;
				LastUpgradeCheck = 0710;
				ORGANIZATIONNAME = "James Lin Taylor";
				TargetAttributes = {
					72492A9A1AB73A32001EAE02 = {
						CreatedOnToolsVersion = 6.2;
						DevelopmentTeam = C9W4RZSJDP;
					};
					72492AAF1AB73A32001EAE02 = {
						CreatedOnToolsVersion = 6.2;
						TestTargetID = 72492A9A1AB73A32001EAE02;
					};
				};
			};
			buildConfigurationList = 72492A961AB73A32001EAE02 /* Build configuration list for PBXProject "HUE" */;
			compatibilityVersion = "Xcode 3.2";
			developmentRegion = English;
			hasScannedForEncodings = 0;
			knownRegions = (
				en,
				Base,
			);
			mainGroup = 72492A921AB73A32001EAE02;
			productRefGroup = 72492A9C1AB73A32001EAE02 /* Products */;
			projectDirPath = "";
			projectRoot = "";
			targets = (
				72492A9A1AB73A32001EAE02 /* HUE */,
				72492AAF1AB73A32001EAE02 /* HUETests */,
			);
		};
/* End PBXProject section */

/* Begin PBXResourcesBuildPhase section */
		72492A991AB73A32001EAE02 /* Resources */ = {
			isa = PBXResourcesBuildPhase;
			buildActionMask = 2147483647;
			files = (
				72492AAB1AB73A32001EAE02 /* LaunchScreen.xib in Resources */,
				72492AA81AB73A32001EAE02 /* Images.xcassets in Resources */,
			);
			runOnlyForDeploymentPostprocessing = 0;
		};
		72492AAE1AB73A32001EAE02 /* Resources */ = {
			isa = PBXResourcesBuildPhase;
			buildActionMask = 2147483647;
			files = (
			);
			runOnlyForDeploymentPostprocessing = 0;
		};
/* End PBXResourcesBuildPhase section */

/* Begin PBXShellScriptBuildPhase section */
		046BF2A3A83A8D4208A8F78E /* Copy Pods Resources */ = {
			isa = PBXShellScriptBuildPhase;
			buildActionMask = 2147483647;
			files = (
			);
			inputPaths = (
			);
			name = "Copy Pods Resources";
			outputPaths = (
			);
			runOnlyForDeploymentPostprocessing = 0;
			shellPath = /bin/sh;
			shellScript = "\"${SRCROOT}/Pods/Target Support Files/Pods-HUE/Pods-HUE-resources.sh\"\n";
			showEnvVarsInLog = 0;
		};
		C11F1307E5086E245AD9C92C /* Embed Pods Frameworks */ = {
			isa = PBXShellScriptBuildPhase;
			buildActionMask = 2147483647;
			files = (
			);
			inputPaths = (
			);
			name = "Embed Pods Frameworks";
			outputPaths = (
			);
			runOnlyForDeploymentPostprocessing = 0;
			shellPath = /bin/sh;
			shellScript = "\"${SRCROOT}/Pods/Target Support Files/Pods-HUE/Pods-HUE-frameworks.sh\"\n";
			showEnvVarsInLog = 0;
		};
		E9BE6D0B9B2D81E4141527BD /* Check Pods Manifest.lock */ = {
			isa = PBXShellScriptBuildPhase;
			buildActionMask = 2147483647;
			files = (
			);
			inputPaths = (
			);
			name = "Check Pods Manifest.lock";
			outputPaths = (
			);
			runOnlyForDeploymentPostprocessing = 0;
			shellPath = /bin/sh;
			shellScript = "diff \"${PODS_ROOT}/../Podfile.lock\" \"${PODS_ROOT}/Manifest.lock\" > /dev/null\nif [[ $? != 0 ]] ; then\n    cat << EOM\nerror: The sandbox is not in sync with the Podfile.lock. Run 'pod install' or update your CocoaPods installation.\nEOM\n    exit 1\nfi\n";
			showEnvVarsInLog = 0;
		};
/* End PBXShellScriptBuildPhase section */

/* Begin PBXSourcesBuildPhase section */
		72492A971AB73A32001EAE02 /* Sources */ = {
			isa = PBXSourcesBuildPhase;
			buildActionMask = 2147483647;
			files = (
				524C8E3A1AC3A3030011A31B /* Thumbnail.swift in Sources */,
				72492AD81AB77AF8001EAE02 /* FocusingIndicator.swift in Sources */,
				24FE4B1C1C13DD4C0025F209 /* CellDeleteControl.swift in Sources */,
				721E44B41AB78CCB006E57D1 /* ColorProcessManager.swift in Sources */,
				5250B6DE1AC22C390031BA6A /* SamplesTableViewManager.swift in Sources */,
				524C8E361AC34CA10011A31B /* EditingSwitch.swift in Sources */,
				523FB14D1AB9F3E100AD2F7B /* MainViewController.swift in Sources */,
				529E67DD1AC2513300510319 /* Sample.swift in Sources */,
				72492AA31AB73A32001EAE02 /* CameraViewController.swift in Sources */,
				5250B6E41AC2438D0031BA6A /* SampleTableViewCell.swift in Sources */,
				529E67E11AC2547B00510319 /* DayHeader.swift in Sources */,
				52D08A081AB8B82800A3929F /* SamplesViewController.swift in Sources */,
				5250B6E21AC23DA80031BA6A /* SampleView.swift in Sources */,
				72492AA11AB73A32001EAE02 /* AppDelegate.swift in Sources */,
				52813CBA1AC8D3440092A923 /* SamplesViewBehaviour.swift in Sources */,
				52AF523C1AB86CE30039C21A /* HUE.xcdatamodeld in Sources */,
				24FE4B1A1C13D1980025F209 /* UIView+.swift in Sources */,
				52813CBE1AC9CAE90092A923 /* DraggableView.swift in Sources */,
				527FC23A1ACA3A7300F47146 /* CaptureButton.swift in Sources */,
				721E44B21AB78CC5006E57D1 /* ColorTarget.swift in Sources */,
			);
			runOnlyForDeploymentPostprocessing = 0;
		};
		72492AAC1AB73A32001EAE02 /* Sources */ = {
			isa = PBXSourcesBuildPhase;
			buildActionMask = 2147483647;
			files = (
				72492AB71AB73A32001EAE02 /* HueTests.swift in Sources */,
			);
			runOnlyForDeploymentPostprocessing = 0;
		};
/* End PBXSourcesBuildPhase section */

/* Begin PBXTargetDependency section */
		72492AB21AB73A32001EAE02 /* PBXTargetDependency */ = {
			isa = PBXTargetDependency;
			target = 72492A9A1AB73A32001EAE02 /* HUE */;
			targetProxy = 72492AB11AB73A32001EAE02 /* PBXContainerItemProxy */;
		};
/* End PBXTargetDependency section */

/* Begin PBXVariantGroup section */
		72492AA91AB73A32001EAE02 /* LaunchScreen.xib */ = {
			isa = PBXVariantGroup;
			children = (
				72492AAA1AB73A32001EAE02 /* Base */,
			);
			name = LaunchScreen.xib;
			sourceTree = "<group>";
		};
/* End PBXVariantGroup section */

/* Begin XCBuildConfiguration section */
		72492AB81AB73A32001EAE02 /* Debug */ = {
			isa = XCBuildConfiguration;
			buildSettings = {
				ALWAYS_SEARCH_USER_PATHS = NO;
				CLANG_CXX_LANGUAGE_STANDARD = "gnu++0x";
				CLANG_CXX_LIBRARY = "libc++";
				CLANG_ENABLE_MODULES = YES;
				CLANG_ENABLE_OBJC_ARC = YES;
				CLANG_WARN_BOOL_CONVERSION = YES;
				CLANG_WARN_CONSTANT_CONVERSION = YES;
				CLANG_WARN_DIRECT_OBJC_ISA_USAGE = YES_ERROR;
				CLANG_WARN_EMPTY_BODY = YES;
				CLANG_WARN_ENUM_CONVERSION = YES;
				CLANG_WARN_INT_CONVERSION = YES;
				CLANG_WARN_OBJC_ROOT_CLASS = YES_ERROR;
				CLANG_WARN_UNREACHABLE_CODE = YES;
				CLANG_WARN__DUPLICATE_METHOD_MATCH = YES;
				"CODE_SIGN_IDENTITY[sdk=iphoneos*]" = "iPhone Developer";
				COPY_PHASE_STRIP = NO;
				ENABLE_STRICT_OBJC_MSGSEND = YES;
				ENABLE_TESTABILITY = YES;
				GCC_C_LANGUAGE_STANDARD = gnu99;
				GCC_DYNAMIC_NO_PIC = NO;
				GCC_OPTIMIZATION_LEVEL = 0;
				GCC_PREPROCESSOR_DEFINITIONS = (
					"DEBUG=1",
					"$(inherited)",
				);
				GCC_SYMBOLS_PRIVATE_EXTERN = NO;
				GCC_WARN_64_TO_32_BIT_CONVERSION = YES;
				GCC_WARN_ABOUT_RETURN_TYPE = YES_ERROR;
				GCC_WARN_UNDECLARED_SELECTOR = YES;
				GCC_WARN_UNINITIALIZED_AUTOS = YES_AGGRESSIVE;
				GCC_WARN_UNUSED_FUNCTION = YES;
				GCC_WARN_UNUSED_VARIABLE = YES;
				IPHONEOS_DEPLOYMENT_TARGET = 8.2;
				MTL_ENABLE_DEBUG_INFO = YES;
				ONLY_ACTIVE_ARCH = YES;
				SDKROOT = iphoneos;
				SWIFT_OPTIMIZATION_LEVEL = "-Onone";
			};
			name = Debug;
		};
		72492AB91AB73A32001EAE02 /* Release */ = {
			isa = XCBuildConfiguration;
			buildSettings = {
				ALWAYS_SEARCH_USER_PATHS = NO;
				CLANG_CXX_LANGUAGE_STANDARD = "gnu++0x";
				CLANG_CXX_LIBRARY = "libc++";
				CLANG_ENABLE_MODULES = YES;
				CLANG_ENABLE_OBJC_ARC = YES;
				CLANG_WARN_BOOL_CONVERSION = YES;
				CLANG_WARN_CONSTANT_CONVERSION = YES;
				CLANG_WARN_DIRECT_OBJC_ISA_USAGE = YES_ERROR;
				CLANG_WARN_EMPTY_BODY = YES;
				CLANG_WARN_ENUM_CONVERSION = YES;
				CLANG_WARN_INT_CONVERSION = YES;
				CLANG_WARN_OBJC_ROOT_CLASS = YES_ERROR;
				CLANG_WARN_UNREACHABLE_CODE = YES;
				CLANG_WARN__DUPLICATE_METHOD_MATCH = YES;
				"CODE_SIGN_IDENTITY[sdk=iphoneos*]" = "iPhone Developer";
				COPY_PHASE_STRIP = NO;
				ENABLE_NS_ASSERTIONS = NO;
				ENABLE_STRICT_OBJC_MSGSEND = YES;
				GCC_C_LANGUAGE_STANDARD = gnu99;
				GCC_WARN_64_TO_32_BIT_CONVERSION = YES;
				GCC_WARN_ABOUT_RETURN_TYPE = YES_ERROR;
				GCC_WARN_UNDECLARED_SELECTOR = YES;
				GCC_WARN_UNINITIALIZED_AUTOS = YES_AGGRESSIVE;
				GCC_WARN_UNUSED_FUNCTION = YES;
				GCC_WARN_UNUSED_VARIABLE = YES;
				IPHONEOS_DEPLOYMENT_TARGET = 8.2;
				MTL_ENABLE_DEBUG_INFO = NO;
				SDKROOT = iphoneos;
				VALIDATE_PRODUCT = YES;
			};
			name = Release;
		};
		72492ABB1AB73A32001EAE02 /* Debug */ = {
			isa = XCBuildConfiguration;
			baseConfigurationReference = 1C5B676241CE07D9393E602B /* Pods-HUE.debug.xcconfig */;
			buildSettings = {
				ASSETCATALOG_COMPILER_APPICON_NAME = AppIcon;
				ASSETCATALOG_COMPILER_LAUNCHIMAGE_NAME = LaunchImage;
				CODE_SIGN_IDENTITY = "iPhone Developer";
				HEADER_SEARCH_PATHS = (
					"$(inherited)",
					"/src/GPUImage/build/Release-iphone/include/**",
					/Applications/Xcode.app/Contents/Developer/Toolchains/XcodeDefault.xctoolchain/usr/include,
				);
				INFOPLIST_FILE = Hue/Info.plist;
				IPHONEOS_DEPLOYMENT_TARGET = 9.0;
				LD_RUNPATH_SEARCH_PATHS = "$(inherited) @executable_path/Frameworks";
				LIBRARY_SEARCH_PATHS = (
					"$(inherited)",
					"/src/GPUImage/build/Release-iphone/lib",
				);
				PRODUCT_BUNDLE_IDENTIFIER = com.jameslintaylor.hue;
				PRODUCT_NAME = HUE;
				SWIFT_OBJC_BRIDGING_HEADER = "";
				TARGETED_DEVICE_FAMILY = 1;
			};
			name = Debug;
		};
		72492ABC1AB73A32001EAE02 /* Release */ = {
			isa = XCBuildConfiguration;
			baseConfigurationReference = 25D6062FB928EA6640A3FBCE /* Pods-HUE.release.xcconfig */;
			buildSettings = {
				ASSETCATALOG_COMPILER_APPICON_NAME = AppIcon;
				ASSETCATALOG_COMPILER_LAUNCHIMAGE_NAME = LaunchImage;
				CODE_SIGN_IDENTITY = "iPhone Developer";
				HEADER_SEARCH_PATHS = (
					"$(inherited)",
					"/src/GPUImage/build/Release-iphone/include/**",
					/Applications/Xcode.app/Contents/Developer/Toolchains/XcodeDefault.xctoolchain/usr/include,
				);
				INFOPLIST_FILE = Hue/Info.plist;
				IPHONEOS_DEPLOYMENT_TARGET = 9.0;
				LD_RUNPATH_SEARCH_PATHS = "$(inherited) @executable_path/Frameworks";
				LIBRARY_SEARCH_PATHS = (
					"$(inherited)",
					"/src/GPUImage/build/Release-iphone/lib",
				);
				PRODUCT_BUNDLE_IDENTIFIER = com.jameslintaylor.hue;
				PRODUCT_NAME = HUE;
				SWIFT_OBJC_BRIDGING_HEADER = "";
				TARGETED_DEVICE_FAMILY = 1;
			};
			name = Release;
		};
		72492ABE1AB73A32001EAE02 /* Debug */ = {
			isa = XCBuildConfiguration;
			buildSettings = {
				BUNDLE_LOADER = "$(TEST_HOST)";
				FRAMEWORK_SEARCH_PATHS = (
					"$(SDKROOT)/Developer/Library/Frameworks",
					"$(inherited)",
				);
				GCC_PREPROCESSOR_DEFINITIONS = (
					"DEBUG=1",
					"$(inherited)",
				);
				HEADER_SEARCH_PATHS = (
					"$(inherited)",
					/Applications/Xcode.app/Contents/Developer/Toolchains/XcodeDefault.xctoolchain/usr/include,
					"/src/GPUImage/build/Release-iphone/include/**",
				);
				INFOPLIST_FILE = HueTests/Info.plist;
				LD_RUNPATH_SEARCH_PATHS = "$(inherited) @executable_path/Frameworks @loader_path/Frameworks";
				PRODUCT_BUNDLE_IDENTIFIER = "com.jameslintaylor.$(PRODUCT_NAME:rfc1034identifier)";
				PRODUCT_NAME = HUETests;
				SWIFT_OBJC_BRIDGING_HEADER = "Hue/Hue-Bridging-Header.h";
				TEST_HOST = "$(BUILT_PRODUCTS_DIR)/HUE.app/HUE";
			};
			name = Debug;
		};
		72492ABF1AB73A32001EAE02 /* Release */ = {
			isa = XCBuildConfiguration;
			buildSettings = {
				BUNDLE_LOADER = "$(TEST_HOST)";
				FRAMEWORK_SEARCH_PATHS = (
					"$(SDKROOT)/Developer/Library/Frameworks",
					"$(inherited)",
				);
				HEADER_SEARCH_PATHS = (
					"$(inherited)",
					/Applications/Xcode.app/Contents/Developer/Toolchains/XcodeDefault.xctoolchain/usr/include,
					"/src/GPUImage/build/Release-iphone/include/**",
				);
				INFOPLIST_FILE = HueTests/Info.plist;
				LD_RUNPATH_SEARCH_PATHS = "$(inherited) @executable_path/Frameworks @loader_path/Frameworks";
				PRODUCT_BUNDLE_IDENTIFIER = "com.jameslintaylor.$(PRODUCT_NAME:rfc1034identifier)";
				PRODUCT_NAME = HUETests;
				SWIFT_OBJC_BRIDGING_HEADER = "Hue/Hue-Bridging-Header.h";
				TEST_HOST = "$(BUILT_PRODUCTS_DIR)/HUE.app/HUE";
			};
			name = Release;
		};
/* End XCBuildConfiguration section */

/* Begin XCConfigurationList section */
		72492A961AB73A32001EAE02 /* Build configuration list for PBXProject "HUE" */ = {
			isa = XCConfigurationList;
			buildConfigurations = (
				72492AB81AB73A32001EAE02 /* Debug */,
				72492AB91AB73A32001EAE02 /* Release */,
			);
			defaultConfigurationIsVisible = 0;
			defaultConfigurationName = Release;
		};
		72492ABA1AB73A32001EAE02 /* Build configuration list for PBXNativeTarget "HUE" */ = {
			isa = XCConfigurationList;
			buildConfigurations = (
				72492ABB1AB73A32001EAE02 /* Debug */,
				72492ABC1AB73A32001EAE02 /* Release */,
			);
			defaultConfigurationIsVisible = 0;
			defaultConfigurationName = Release;
		};
		72492ABD1AB73A32001EAE02 /* Build configuration list for PBXNativeTarget "HUETests" */ = {
			isa = XCConfigurationList;
			buildConfigurations = (
				72492ABE1AB73A32001EAE02 /* Debug */,
				72492ABF1AB73A32001EAE02 /* Release */,
			);
			defaultConfigurationIsVisible = 0;
			defaultConfigurationName = Release;
		};
/* End XCConfigurationList section */

/* Begin XCVersionGroup section */
		52AF523A1AB86CE30039C21A /* HUE.xcdatamodeld */ = {
			isa = XCVersionGroup;
			children = (
				24ED28491C1397190064AE61 /* HUE 2.xcdatamodel */,
				52AF523B1AB86CE30039C21A /* HUE.xcdatamodel */,
			);
			currentVersion = 24ED28491C1397190064AE61 /* HUE 2.xcdatamodel */;
			path = HUE.xcdatamodeld;
			sourceTree = "<group>";
			versionGroupType = wrapper.xcdatamodel;
		};
/* End XCVersionGroup section */
	};
	rootObject = 72492A931AB73A32001EAE02 /* Project object */;
}
